{
  "name": "libs",
  "version": "1.0.0",
  "lockfileVersion": 2,
  "requires": true,
  "packages": {
    "": {
      "name": "libs",
      "version": "1.0.0",
      "license": "ISC",
      "dependencies": {
        "@nikakotliar/platforms": "^1.0.0"
      }
    },
    "node_modules/@nikakotliar/platforms": {
      "version": "1.0.0",
      "resolved": "https://npm.pkg.github.com/download/@nikakotliar/platforms/1.0.0/3b640fd4e43092d33eb0cd8fa6b58ce92698afd5",
      "integrity": "sha512-w6Bov0QtzOiywtWhPIR/REGwrjPlbuVLoAghjfPZJu3D8DNpfVQoMWFdorUYIecp6diDmtT+J2Y7knK7E/CdJA==",
      "license": "ISC"
    }
  },
  "dependencies": {
    "@nikakotliar/platforms": {
      "version": "1.0.0",
      "resolved": "https://npm.pkg.github.com/download/@nikakotliar/platforms/1.0.0/3b640fd4e43092d33eb0cd8fa6b58ce92698afd5",
      "integrity": "sha512-w6Bov0QtzOiywtWhPIR/REGwrjPlbuVLoAghjfPZJu3D8DNpfVQoMWFdorUYIecp6diDmtT+J2Y7knK7E/CdJA=="
    }
  }
}
